
Microsoft Visual Studio Solution File, Format Version 12.00
# Visual Studio 15
VisualStudioVersion = 15.0.27130.2024
MinimumVisualStudioVersion = 10.0.40219.1
Project("{FAE04EC0-301F-11D3-BF4B-00C04F79EFBC}") = "PGS.Azure.Storage.Table", "PGS.Azure.Storage.Table\PGS.Azure.Storage.Table.csproj", "{11311D8E-A593-401D-8F1B-7B2113136096}"
EndProject
Global
	GlobalSection(SolutionConfigurationPlatforms) = preSolution
		Debug|Any CPU = Debug|Any CPU
		Release|Any CPU = Release|Any CPU
	EndGlobalSection
	GlobalSection(ProjectConfigurationPlatforms) = postSolution
		{11311D8E-A593-401D-8F1B-7B2113136096}.Debug|Any CPU.ActiveCfg = Debug|Any CPU
		{11311D8E-A593-401D-8F1B-7B2113136096}.Debug|Any CPU.Build.0 = Debug|Any CPU
		{11311D8E-A593-401D-8F1B-7B2113136096}.Release|Any CPU.ActiveCfg = Release|Any CPU
		{11311D8E-A593-401D-8F1B-7B2113136096}.Release|Any CPU.Build.0 = Release|Any CPU
	EndGlobalSection
	GlobalSection(SolutionProperties) = preSolution
		HideSolutionNode = FALSE
	EndGlobalSection
	GlobalSection(ExtensibilityGlobals) = postSolution
		SolutionGuid = {A1FB1C46-956F-4A85-BE1F-75C5D7719AD7}
	EndGlobalSection
EndGlobal
